
Microsoft Visual Studio Solution File, Format Version 12.00
# Visual Studio Version 17
VisualStudioVersion = 17.0.32126.317
MinimumVisualStudioVersion = 10.0.40219.1
Project("{FAE04EC0-301F-11D3-BF4B-00C04F79EFBC}") = "_RoBotland", "_RoBotland\_RoBotland.csproj", "{A8558B0C-2CE3-4B73-9715-A04D3DABB21D}"
EndProject
Global
	GlobalSection(SolutionConfigurationPlatforms) = preSolution
		Debug|Any CPU = Debug|Any CPU
		Release|Any CPU = Release|Any CPU
	EndGlobalSection
	GlobalSection(ProjectConfigurationPlatforms) = postSolution
		{A8558B0C-2CE3-4B73-9715-A04D3DABB21D}.Debug|Any CPU.ActiveCfg = Debug|Any CPU
		{A8558B0C-2CE3-4B73-9715-A04D3DABB21D}.Debug|Any CPU.Build.0 = Debug|Any CPU
		{A8558B0C-2CE3-4B73-9715-A04D3DABB21D}.Release|Any CPU.ActiveCfg = Release|Any CPU
		{A8558B0C-2CE3-4B73-9715-A04D3DABB21D}.Release|Any CPU.Build.0 = Release|Any CPU
	EndGlobalSection
	GlobalSection(SolutionProperties) = preSolution
		HideSolutionNode = FALSE
	EndGlobalSection
	GlobalSection(ExtensibilityGlobals) = postSolution
		SolutionGuid = {6E38DD80-1883-4354-AE54-07F4360F0FAB}
	EndGlobalSection
EndGlobal
